
Microsoft Visual Studio Solution File, Format Version 12.00
# Visual Studio Version 16
VisualStudioVersion = 16.0.30907.101
MinimumVisualStudioVersion = 10.0.40219.1
Project("{FAE04EC0-301F-11D3-BF4B-00C04F79EFBC}") = "test_328", "test_328\test_328.csproj", "{0953882B-FB0C-4C8A-9428-481CF936CC4D}"
EndProject
Global
	GlobalSection(SolutionConfigurationPlatforms) = preSolution
		Debug|Any CPU = Debug|Any CPU
		Release|Any CPU = Release|Any CPU
	EndGlobalSection
	GlobalSection(ProjectConfigurationPlatforms) = postSolution
		{0953882B-FB0C-4C8A-9428-481CF936CC4D}.Debug|Any CPU.ActiveCfg = Debug|Any CPU
		{0953882B-FB0C-4C8A-9428-481CF936CC4D}.Debug|Any CPU.Build.0 = Debug|Any CPU
		{0953882B-FB0C-4C8A-9428-481CF936CC4D}.Release|Any CPU.ActiveCfg = Release|Any CPU
		{0953882B-FB0C-4C8A-9428-481CF936CC4D}.Release|Any CPU.Build.0 = Release|Any CPU
	EndGlobalSection
	GlobalSection(SolutionProperties) = preSolution
		HideSolutionNode = FALSE
	EndGlobalSection
	GlobalSection(ExtensibilityGlobals) = postSolution
		SolutionGuid = {72FEBA4E-6525-4772-8045-A132F32BC36C}
	EndGlobalSection
EndGlobal
